
Microsoft Visual Studio Solution File, Format Version 12.00
# Visual Studio 2012
Project("{F184B08F-C81C-45F6-A57F-5ABD9991F28F}") = "Smartboard", "Smartboard\Smartboard.vbproj", "{EFDC59BD-5902-4811-B7EC-9EDB400E5ECD}"
EndProject
Global
	GlobalSection(SolutionConfigurationPlatforms) = preSolution
		Debug|Any CPU = Debug|Any CPU
		Release|Any CPU = Release|Any CPU
	EndGlobalSection
	GlobalSection(ProjectConfigurationPlatforms) = postSolution
		{EFDC59BD-5902-4811-B7EC-9EDB400E5ECD}.Debug|Any CPU.ActiveCfg = Debug|Any CPU
		{EFDC59BD-5902-4811-B7EC-9EDB400E5ECD}.Debug|Any CPU.Build.0 = Debug|Any CPU
		{EFDC59BD-5902-4811-B7EC-9EDB400E5ECD}.Release|Any CPU.ActiveCfg = Release|Any CPU
		{EFDC59BD-5902-4811-B7EC-9EDB400E5ECD}.Release|Any CPU.Build.0 = Release|Any CPU
	EndGlobalSection
	GlobalSection(SolutionProperties) = preSolution
		HideSolutionNode = FALSE
	EndGlobalSection
EndGlobal
